
Microsoft Visual Studio Solution File, Format Version 12.00
# Visual Studio 15
VisualStudioVersion = 15.0.28307.136
MinimumVisualStudioVersion = 10.0.40219.1
Project("{2150E333-8FDC-42A3-9474-1A3956D46DE8}") = "1.SingleResponsibilityPrinciple", "1.SingleResponsibilityPrinciple", "{58692E96-8B2C-4EE4-B2DA-1BF086A8D382}"
EndProject
Project("{FAE04EC0-301F-11D3-BF4B-00C04F79EFBC}") = "ConsoleUI", "SingleResponsibilityPrinciple\SRPDemo\ConsoleUI\ConsoleUI.csproj", "{27324E65-2F00-4D63-8FE5-BFDDC7566B35}"
EndProject
Project("{2150E333-8FDC-42A3-9474-1A3956D46DE8}") = "2.OpenClosedPrinciple", "2.OpenClosedPrinciple", "{EB41B042-2BFC-4AD4-90BE-C31D890C586C}"
EndProject
Project("{FAE04EC0-301F-11D3-BF4B-00C04F79EFBC}") = "ConsoleUI", "OpenClosedPrinciple\OCPDemoStart\ConsoleUI\ConsoleUI.csproj", "{4FB4B537-DE4B-4261-ADAA-4074DF9EDA25}"
EndProject
Project("{FAE04EC0-301F-11D3-BF4B-00C04F79EFBC}") = "OCPLibrary", "OpenClosedPrinciple\OCPDemoStart\OCPLibrary\OCPLibrary.csproj", "{9CC28A4F-123B-424F-95DD-273994AB6D35}"
EndProject
Project("{2150E333-8FDC-42A3-9474-1A3956D46DE8}") = "1.OCPDemoStart", "1.OCPDemoStart", "{EFC95DA9-5B3F-4B3A-8BDC-C822984196A3}"
EndProject
Project("{2150E333-8FDC-42A3-9474-1A3956D46DE8}") = "2.OCPDemoCompleted", "2.OCPDemoCompleted", "{BBC8BE89-340E-46C4-9D6C-49B99C451C51}"
EndProject
Project("{FAE04EC0-301F-11D3-BF4B-00C04F79EFBC}") = "ConsoleUI", "OpenClosedPrinciple\OCPDemoCompleted\ConsoleUI\ConsoleUI.csproj", "{8FC6051D-0828-47E5-A80F-E5D90C2058D8}"
EndProject
Project("{FAE04EC0-301F-11D3-BF4B-00C04F79EFBC}") = "OCPLibrary", "OpenClosedPrinciple\OCPDemoCompleted\OCPLibrary\OCPLibrary.csproj", "{8DF5292D-D205-4B94-842A-8AD27ABF002D}"
EndProject
Project("{2150E333-8FDC-42A3-9474-1A3956D46DE8}") = "3.LiskovSubstitutionPrinciple", "3.LiskovSubstitutionPrinciple", "{88EFBA9A-A0D9-414F-8C7F-517559710743}"
EndProject
Project("{2150E333-8FDC-42A3-9474-1A3956D46DE8}") = "1.LSPDemo_Start", "1.LSPDemo_Start", "{C65FE8FD-6447-4A28-8EE1-338B25B3C48F}"
EndProject
Project("{FAE04EC0-301F-11D3-BF4B-00C04F79EFBC}") = "ConsoleUI", "LiskovSubstitutionPrinciple\LSPDemo_Start\ConsoleUI\ConsoleUI.csproj", "{97244EB5-2E29-4263-9BE0-00F96446EE5E}"
EndProject
Project("{FAE04EC0-301F-11D3-BF4B-00C04F79EFBC}") = "DemoLibrary", "LiskovSubstitutionPrinciple\LSPDemo_Start\DemoLibrary\DemoLibrary.csproj", "{BD59A5E3-9317-4993-8978-FDBC7D363126}"
EndProject
Project("{2150E333-8FDC-42A3-9474-1A3956D46DE8}") = "2.LSPDemo_End", "2.LSPDemo_End", "{FD69F42C-8107-4A5E-8AF1-5FC7DADFF365}"
EndProject
Project("{FAE04EC0-301F-11D3-BF4B-00C04F79EFBC}") = "ConsoleUI", "LiskovSubstitutionPrinciple\LSPDemo_End\ConsoleUI\ConsoleUI.csproj", "{E7567A60-3A19-48B3-AFA3-CEBEC302D8EB}"
EndProject
Project("{FAE04EC0-301F-11D3-BF4B-00C04F79EFBC}") = "DemoLibrary", "LiskovSubstitutionPrinciple\LSPDemo_End\DemoLibrary\DemoLibrary.csproj", "{A79BE821-C7B7-4D70-86C1-03760D39D287}"
EndProject
Project("{2150E333-8FDC-42A3-9474-1A3956D46DE8}") = "4.InterfaceSegregationPrinciple", "4.InterfaceSegregationPrinciple", "{42FC03C4-1D99-4F22-873B-A29E1405AA1F}"
EndProject
Project("{2150E333-8FDC-42A3-9474-1A3956D46DE8}") = "1.ISPDemo_Start", "1.ISPDemo_Start", "{94B4CED6-CBC2-4116-A1E2-3AFEE33A5A0B}"
EndProject
Project("{2150E333-8FDC-42A3-9474-1A3956D46DE8}") = "2.ISPDemo_End", "2.ISPDemo_End", "{9938D229-367E-43D8-ACAA-A19F9BADBFD4}"
EndProject
Project("{2150E333-8FDC-42A3-9474-1A3956D46DE8}") = "5.DependencyInversionPrinciple", "5.DependencyInversionPrinciple", "{7C5E8B29-45A2-4BB8-B567-81750D6C8AF1}"
EndProject
Project("{2150E333-8FDC-42A3-9474-1A3956D46DE8}") = "1.DIPDemo-Start", "1.DIPDemo-Start", "{1755277C-09D7-4103-BBF8-DD68C0E54934}"
EndProject
Project("{2150E333-8FDC-42A3-9474-1A3956D46DE8}") = "2.DIPDemo-End", "2.DIPDemo-End", "{76E8D0D8-7159-4773-B490-9FE75617266B}"
EndProject
Project("{2150E333-8FDC-42A3-9474-1A3956D46DE8}") = "6.DontRepeatYourselfPrinciple", "6.DontRepeatYourselfPrinciple", "{A748AEF5-8CC6-4F10-9DF9-B94D0372FC24}"
EndProject
Project("{2150E333-8FDC-42A3-9474-1A3956D46DE8}") = "1.DRYDemo-Start", "1.DRYDemo-Start", "{8C1EE735-7BB5-4A81-990D-644CDE9F511B}"
EndProject
Project("{2150E333-8FDC-42A3-9474-1A3956D46DE8}") = "2.DRYDemo_End", "2.DRYDemo_End", "{A3DDF8C9-792C-40B7-8634-496114B3C732}"
EndProject
Project("{FAE04EC0-301F-11D3-BF4B-00C04F79EFBC}") = "ConsoleUI", "InterfaceSegregationPrinciple\ISPDemo_Start\ConsoleUI\ConsoleUI.csproj", "{2EE1D1C1-5B10-45A1-81A6-5E77BCCA4292}"
EndProject
Project("{FAE04EC0-301F-11D3-BF4B-00C04F79EFBC}") = "DemoLibrary", "InterfaceSegregationPrinciple\ISPDemo_Start\DemoLibrary\DemoLibrary.csproj", "{535A64A6-EFC4-4D10-B597-DA1DB869BBC0}"
EndProject
Project("{FAE04EC0-301F-11D3-BF4B-00C04F79EFBC}") = "ConsoleUI", "InterfaceSegregationPrinciple\ISPDemo_End\ConsoleUI\ConsoleUI.csproj", "{08F038BB-3B35-4951-B171-1C49FA09B810}"
EndProject
Project("{FAE04EC0-301F-11D3-BF4B-00C04F79EFBC}") = "DemoLibrary", "InterfaceSegregationPrinciple\ISPDemo_End\DemoLibrary\DemoLibrary.csproj", "{10550192-F53F-4025-B833-B32B5B6ECD7F}"
EndProject
Project("{FAE04EC0-301F-11D3-BF4B-00C04F79EFBC}") = "ConsoleUI", "DependencyInversionPrinciple\DIPDemo-Start\ConsoleUI\ConsoleUI.csproj", "{9E0994D1-FCE4-4955-90CB-72E382563A24}"
EndProject
Project("{FAE04EC0-301F-11D3-BF4B-00C04F79EFBC}") = "DemoLibrary", "DependencyInversionPrinciple\DIPDemo-Start\DemoLibrary\DemoLibrary.csproj", "{F7AE74F2-1A76-418B-9174-93814999C153}"
EndProject
Project("{FAE04EC0-301F-11D3-BF4B-00C04F79EFBC}") = "ConsoleUI", "DependencyInversionPrinciple\DIPDemo-End\ConsoleUI\ConsoleUI.csproj", "{83D76995-F3D8-401E-BFB0-7954BFAD77BA}"
EndProject
Project("{FAE04EC0-301F-11D3-BF4B-00C04F79EFBC}") = "DemoLibrary", "DependencyInversionPrinciple\DIPDemo-End\DemoLibrary\DemoLibrary.csproj", "{E9D5DD0A-69BC-40B6-9BD8-376FDCFDD2C6}"
EndProject
Project("{FAE04EC0-301F-11D3-BF4B-00C04F79EFBC}") = "WinFormUI", "DontRepeatYourselfPrinciple\DRYDemo-Start\WinFormUI\WinFormUI.csproj", "{F55C8414-FADF-449B-8D4A-08CC87C19F94}"
EndProject
Project("{2150E333-8FDC-42A3-9474-1A3956D46DE8}") = "DRYDemo", "DRYDemo", "{D54C824F-032C-4D30-A905-E3AC6C004D38}"
EndProject
Project("{2150E333-8FDC-42A3-9474-1A3956D46DE8}") = "DRYDemo2", "DRYDemo2", "{AC275F83-D6DD-4B87-8EB6-A19D15D0FA66}"
EndProject
Project("{FAE04EC0-301F-11D3-BF4B-00C04F79EFBC}") = "DRYDemoLibrary", "DontRepeatYourselfPrinciple\DRYDemo_End\DRYDemo\DRYDemoLibrary\DRYDemoLibrary.csproj", "{2E52645E-67F9-4B1A-9D70-A2B3590B6BC8}"
EndProject
Project("{FAE04EC0-301F-11D3-BF4B-00C04F79EFBC}") = "DryDemoLibraryTest", "DontRepeatYourselfPrinciple\DRYDemo_End\DRYDemo\DryDemoLibraryTest\DryDemoLibraryTest.csproj", "{55321049-A5FA-40D0-BF6C-5EFBE3BB57A4}"
EndProject
Project("{9A19103F-16F7-4668-BE54-9A1E7A4F7556}") = "DRYDemoStandardLibrary", "DontRepeatYourselfPrinciple\DRYDemo_End\DRYDemo\DRYDemoStandardLibrary\DRYDemoStandardLibrary.csproj", "{3F61A567-CB2C-49A6-BE33-9F1A603F0B42}"
EndProject
Project("{FAE04EC0-301F-11D3-BF4B-00C04F79EFBC}") = "WinFormUI", "DontRepeatYourselfPrinciple\DRYDemo_End\DRYDemo\WinFormUI\WinFormUI.csproj", "{7406F674-EBDB-4C0B-B2D1-B8CC2FC58DBF}"
EndProject
Project("{FAE04EC0-301F-11D3-BF4B-00C04F79EFBC}") = "WPFUI", "DontRepeatYourselfPrinciple\DRYDemo_End\DRYDemo\WPFUI\WPFUI.csproj", "{ECFD6C2E-54AB-4025-9304-2E159B88E1A7}"
EndProject
Project("{FAE04EC0-301F-11D3-BF4B-00C04F79EFBC}") = "ConsoleUI", "DontRepeatYourselfPrinciple\DRYDemo_End\DRYDemo2\ConsoleUI\ConsoleUI.csproj", "{BF88780D-EFBC-4767-9B12-AFDF8CB44C88}"
EndProject
Global
	GlobalSection(SolutionConfigurationPlatforms) = preSolution
		Debug|Any CPU = Debug|Any CPU
		Release|Any CPU = Release|Any CPU
	EndGlobalSection
	GlobalSection(ProjectConfigurationPlatforms) = postSolution
		{27324E65-2F00-4D63-8FE5-BFDDC7566B35}.Debug|Any CPU.ActiveCfg = Debug|Any CPU
		{27324E65-2F00-4D63-8FE5-BFDDC7566B35}.Debug|Any CPU.Build.0 = Debug|Any CPU
		{27324E65-2F00-4D63-8FE5-BFDDC7566B35}.Release|Any CPU.ActiveCfg = Release|Any CPU
		{27324E65-2F00-4D63-8FE5-BFDDC7566B35}.Release|Any CPU.Build.0 = Release|Any CPU
		{4FB4B537-DE4B-4261-ADAA-4074DF9EDA25}.Debug|Any CPU.ActiveCfg = Debug|Any CPU
		{4FB4B537-DE4B-4261-ADAA-4074DF9EDA25}.Debug|Any CPU.Build.0 = Debug|Any CPU
		{4FB4B537-DE4B-4261-ADAA-4074DF9EDA25}.Release|Any CPU.ActiveCfg = Release|Any CPU
		{4FB4B537-DE4B-4261-ADAA-4074DF9EDA25}.Release|Any CPU.Build.0 = Release|Any CPU
		{9CC28A4F-123B-424F-95DD-273994AB6D35}.Debug|Any CPU.ActiveCfg = Debug|Any CPU
		{9CC28A4F-123B-424F-95DD-273994AB6D35}.Debug|Any CPU.Build.0 = Debug|Any CPU
		{9CC28A4F-123B-424F-95DD-273994AB6D35}.Release|Any CPU.ActiveCfg = Release|Any CPU
		{9CC28A4F-123B-424F-95DD-273994AB6D35}.Release|Any CPU.Build.0 = Release|Any CPU
		{8FC6051D-0828-47E5-A80F-E5D90C2058D8}.Debug|Any CPU.ActiveCfg = Debug|Any CPU
		{8FC6051D-0828-47E5-A80F-E5D90C2058D8}.Debug|Any CPU.Build.0 = Debug|Any CPU
		{8FC6051D-0828-47E5-A80F-E5D90C2058D8}.Release|Any CPU.ActiveCfg = Release|Any CPU
		{8FC6051D-0828-47E5-A80F-E5D90C2058D8}.Release|Any CPU.Build.0 = Release|Any CPU
		{8DF5292D-D205-4B94-842A-8AD27ABF002D}.Debug|Any CPU.ActiveCfg = Debug|Any CPU
		{8DF5292D-D205-4B94-842A-8AD27ABF002D}.Debug|Any CPU.Build.0 = Debug|Any CPU
		{8DF5292D-D205-4B94-842A-8AD27ABF002D}.Release|Any CPU.ActiveCfg = Release|Any CPU
		{8DF5292D-D205-4B94-842A-8AD27ABF002D}.Release|Any CPU.Build.0 = Release|Any CPU
		{97244EB5-2E29-4263-9BE0-00F96446EE5E}.Debug|Any CPU.ActiveCfg = Debug|Any CPU
		{97244EB5-2E29-4263-9BE0-00F96446EE5E}.Debug|Any CPU.Build.0 = Debug|Any CPU
		{97244EB5-2E29-4263-9BE0-00F96446EE5E}.Release|Any CPU.ActiveCfg = Release|Any CPU
		{97244EB5-2E29-4263-9BE0-00F96446EE5E}.Release|Any CPU.Build.0 = Release|Any CPU
		{BD59A5E3-9317-4993-8978-FDBC7D363126}.Debug|Any CPU.ActiveCfg = Debug|Any CPU
		{BD59A5E3-9317-4993-8978-FDBC7D363126}.Debug|Any CPU.Build.0 = Debug|Any CPU
		{BD59A5E3-9317-4993-8978-FDBC7D363126}.Release|Any CPU.ActiveCfg = Release|Any CPU
		{BD59A5E3-9317-4993-8978-FDBC7D363126}.Release|Any CPU.Build.0 = Release|Any CPU
		{E7567A60-3A19-48B3-AFA3-CEBEC302D8EB}.Debug|Any CPU.ActiveCfg = Debug|Any CPU
		{E7567A60-3A19-48B3-AFA3-CEBEC302D8EB}.Debug|Any CPU.Build.0 = Debug|Any CPU
		{E7567A60-3A19-48B3-AFA3-CEBEC302D8EB}.Release|Any CPU.ActiveCfg = Release|Any CPU
		{E7567A60-3A19-48B3-AFA3-CEBEC302D8EB}.Release|Any CPU.Build.0 = Release|Any CPU
		{A79BE821-C7B7-4D70-86C1-03760D39D287}.Debug|Any CPU.ActiveCfg = Debug|Any CPU
		{A79BE821-C7B7-4D70-86C1-03760D39D287}.Debug|Any CPU.Build.0 = Debug|Any CPU
		{A79BE821-C7B7-4D70-86C1-03760D39D287}.Release|Any CPU.ActiveCfg = Release|Any CPU
		{A79BE821-C7B7-4D70-86C1-03760D39D287}.Release|Any CPU.Build.0 = Release|Any CPU
		{2EE1D1C1-5B10-45A1-81A6-5E77BCCA4292}.Debug|Any CPU.ActiveCfg = Debug|Any CPU
		{2EE1D1C1-5B10-45A1-81A6-5E77BCCA4292}.Debug|Any CPU.Build.0 = Debug|Any CPU
		{2EE1D1C1-5B10-45A1-81A6-5E77BCCA4292}.Release|Any CPU.ActiveCfg = Release|Any CPU
		{2EE1D1C1-5B10-45A1-81A6-5E77BCCA4292}.Release|Any CPU.Build.0 = Release|Any CPU
		{535A64A6-EFC4-4D10-B597-DA1DB869BBC0}.Debug|Any CPU.ActiveCfg = Debug|Any CPU
		{535A64A6-EFC4-4D10-B597-DA1DB869BBC0}.Debug|Any CPU.Build.0 = Debug|Any CPU
		{535A64A6-EFC4-4D10-B597-DA1DB869BBC0}.Release|Any CPU.ActiveCfg = Release|Any CPU
		{535A64A6-EFC4-4D10-B597-DA1DB869BBC0}.Release|Any CPU.Build.0 = Release|Any CPU
		{08F038BB-3B35-4951-B171-1C49FA09B810}.Debug|Any CPU.ActiveCfg = Debug|Any CPU
		{08F038BB-3B35-4951-B171-1C49FA09B810}.Debug|Any CPU.Build.0 = Debug|Any CPU
		{08F038BB-3B35-4951-B171-1C49FA09B810}.Release|Any CPU.ActiveCfg = Release|Any CPU
		{08F038BB-3B35-4951-B171-1C49FA09B810}.Release|Any CPU.Build.0 = Release|Any CPU
		{10550192-F53F-4025-B833-B32B5B6ECD7F}.Debug|Any CPU.ActiveCfg = Debug|Any CPU
		{10550192-F53F-4025-B833-B32B5B6ECD7F}.Debug|Any CPU.Build.0 = Debug|Any CPU
		{10550192-F53F-4025-B833-B32B5B6ECD7F}.Release|Any CPU.ActiveCfg = Release|Any CPU
		{10550192-F53F-4025-B833-B32B5B6ECD7F}.Release|Any CPU.Build.0 = Release|Any CPU
		{9E0994D1-FCE4-4955-90CB-72E382563A24}.Debug|Any CPU.ActiveCfg = Debug|Any CPU
		{9E0994D1-FCE4-4955-90CB-72E382563A24}.Debug|Any CPU.Build.0 = Debug|Any CPU
		{9E0994D1-FCE4-4955-90CB-72E382563A24}.Release|Any CPU.ActiveCfg = Release|Any CPU
		{9E0994D1-FCE4-4955-90CB-72E382563A24}.Release|Any CPU.Build.0 = Release|Any CPU
		{F7AE74F2-1A76-418B-9174-93814999C153}.Debug|Any CPU.ActiveCfg = Debug|Any CPU
		{F7AE74F2-1A76-418B-9174-93814999C153}.Debug|Any CPU.Build.0 = Debug|Any CPU
		{F7AE74F2-1A76-418B-9174-93814999C153}.Release|Any CPU.ActiveCfg = Release|Any CPU
		{F7AE74F2-1A76-418B-9174-93814999C153}.Release|Any CPU.Build.0 = Release|Any CPU
		{83D76995-F3D8-401E-BFB0-7954BFAD77BA}.Debug|Any CPU.ActiveCfg = Debug|Any CPU
		{83D76995-F3D8-401E-BFB0-7954BFAD77BA}.Debug|Any CPU.Build.0 = Debug|Any CPU
		{83D76995-F3D8-401E-BFB0-7954BFAD77BA}.Release|Any CPU.ActiveCfg = Release|Any CPU
		{83D76995-F3D8-401E-BFB0-7954BFAD77BA}.Release|Any CPU.Build.0 = Release|Any CPU
		{E9D5DD0A-69BC-40B6-9BD8-376FDCFDD2C6}.Debug|Any CPU.ActiveCfg = Debug|Any CPU
		{E9D5DD0A-69BC-40B6-9BD8-376FDCFDD2C6}.Debug|Any CPU.Build.0 = Debug|Any CPU
		{E9D5DD0A-69BC-40B6-9BD8-376FDCFDD2C6}.Release|Any CPU.ActiveCfg = Release|Any CPU
		{E9D5DD0A-69BC-40B6-9BD8-376FDCFDD2C6}.Release|Any CPU.Build.0 = Release|Any CPU
		{F55C8414-FADF-449B-8D4A-08CC87C19F94}.Debug|Any CPU.ActiveCfg = Debug|Any CPU
		{F55C8414-FADF-449B-8D4A-08CC87C19F94}.Debug|Any CPU.Build.0 = Debug|Any CPU
		{F55C8414-FADF-449B-8D4A-08CC87C19F94}.Release|Any CPU.ActiveCfg = Release|Any CPU
		{F55C8414-FADF-449B-8D4A-08CC87C19F94}.Release|Any CPU.Build.0 = Release|Any CPU
		{2E52645E-67F9-4B1A-9D70-A2B3590B6BC8}.Debug|Any CPU.ActiveCfg = Debug|Any CPU
		{2E52645E-67F9-4B1A-9D70-A2B3590B6BC8}.Debug|Any CPU.Build.0 = Debug|Any CPU
		{2E52645E-67F9-4B1A-9D70-A2B3590B6BC8}.Release|Any CPU.ActiveCfg = Release|Any CPU
		{2E52645E-67F9-4B1A-9D70-A2B3590B6BC8}.Release|Any CPU.Build.0 = Release|Any CPU
		{55321049-A5FA-40D0-BF6C-5EFBE3BB57A4}.Debug|Any CPU.ActiveCfg = Debug|Any CPU
		{55321049-A5FA-40D0-BF6C-5EFBE3BB57A4}.Debug|Any CPU.Build.0 = Debug|Any CPU
		{55321049-A5FA-40D0-BF6C-5EFBE3BB57A4}.Release|Any CPU.ActiveCfg = Release|Any CPU
		{55321049-A5FA-40D0-BF6C-5EFBE3BB57A4}.Release|Any CPU.Build.0 = Release|Any CPU
		{3F61A567-CB2C-49A6-BE33-9F1A603F0B42}.Debug|Any CPU.ActiveCfg = Debug|Any CPU
		{3F61A567-CB2C-49A6-BE33-9F1A603F0B42}.Debug|Any CPU.Build.0 = Debug|Any CPU
		{3F61A567-CB2C-49A6-BE33-9F1A603F0B42}.Release|Any CPU.ActiveCfg = Release|Any CPU
		{3F61A567-CB2C-49A6-BE33-9F1A603F0B42}.Release|Any CPU.Build.0 = Release|Any CPU
		{7406F674-EBDB-4C0B-B2D1-B8CC2FC58DBF}.Debug|Any CPU.ActiveCfg = Debug|Any CPU
		{7406F674-EBDB-4C0B-B2D1-B8CC2FC58DBF}.Debug|Any CPU.Build.0 = Debug|Any CPU
		{7406F674-EBDB-4C0B-B2D1-B8CC2FC58DBF}.Release|Any CPU.ActiveCfg = Release|Any CPU
		{7406F674-EBDB-4C0B-B2D1-B8CC2FC58DBF}.Release|Any CPU.Build.0 = Release|Any CPU
		{ECFD6C2E-54AB-4025-9304-2E159B88E1A7}.Debug|Any CPU.ActiveCfg = Debug|Any CPU
		{ECFD6C2E-54AB-4025-9304-2E159B88E1A7}.Debug|Any CPU.Build.0 = Debug|Any CPU
		{ECFD6C2E-54AB-4025-9304-2E159B88E1A7}.Release|Any CPU.ActiveCfg = Release|Any CPU
		{ECFD6C2E-54AB-4025-9304-2E159B88E1A7}.Release|Any CPU.Build.0 = Release|Any CPU
		{BF88780D-EFBC-4767-9B12-AFDF8CB44C88}.Debug|Any CPU.ActiveCfg = Debug|Any CPU
		{BF88780D-EFBC-4767-9B12-AFDF8CB44C88}.Debug|Any CPU.Build.0 = Debug|Any CPU
		{BF88780D-EFBC-4767-9B12-AFDF8CB44C88}.Release|Any CPU.ActiveCfg = Release|Any CPU
		{BF88780D-EFBC-4767-9B12-AFDF8CB44C88}.Release|Any CPU.Build.0 = Release|Any CPU
	EndGlobalSection
	GlobalSection(SolutionProperties) = preSolution
		HideSolutionNode = FALSE
	EndGlobalSection
	GlobalSection(NestedProjects) = preSolution
		{27324E65-2F00-4D63-8FE5-BFDDC7566B35} = {58692E96-8B2C-4EE4-B2DA-1BF086A8D382}
		{4FB4B537-DE4B-4261-ADAA-4074DF9EDA25} = {EFC95DA9-5B3F-4B3A-8BDC-C822984196A3}
		{9CC28A4F-123B-424F-95DD-273994AB6D35} = {EFC95DA9-5B3F-4B3A-8BDC-C822984196A3}
		{EFC95DA9-5B3F-4B3A-8BDC-C822984196A3} = {EB41B042-2BFC-4AD4-90BE-C31D890C586C}
		{BBC8BE89-340E-46C4-9D6C-49B99C451C51} = {EB41B042-2BFC-4AD4-90BE-C31D890C586C}
		{8FC6051D-0828-47E5-A80F-E5D90C2058D8} = {BBC8BE89-340E-46C4-9D6C-49B99C451C51}
		{8DF5292D-D205-4B94-842A-8AD27ABF002D} = {BBC8BE89-340E-46C4-9D6C-49B99C451C51}
		{C65FE8FD-6447-4A28-8EE1-338B25B3C48F} = {88EFBA9A-A0D9-414F-8C7F-517559710743}
		{97244EB5-2E29-4263-9BE0-00F96446EE5E} = {C65FE8FD-6447-4A28-8EE1-338B25B3C48F}
		{BD59A5E3-9317-4993-8978-FDBC7D363126} = {C65FE8FD-6447-4A28-8EE1-338B25B3C48F}
		{FD69F42C-8107-4A5E-8AF1-5FC7DADFF365} = {88EFBA9A-A0D9-414F-8C7F-517559710743}
		{E7567A60-3A19-48B3-AFA3-CEBEC302D8EB} = {FD69F42C-8107-4A5E-8AF1-5FC7DADFF365}
		{A79BE821-C7B7-4D70-86C1-03760D39D287} = {FD69F42C-8107-4A5E-8AF1-5FC7DADFF365}
		{94B4CED6-CBC2-4116-A1E2-3AFEE33A5A0B} = {42FC03C4-1D99-4F22-873B-A29E1405AA1F}
		{9938D229-367E-43D8-ACAA-A19F9BADBFD4} = {42FC03C4-1D99-4F22-873B-A29E1405AA1F}
		{1755277C-09D7-4103-BBF8-DD68C0E54934} = {7C5E8B29-45A2-4BB8-B567-81750D6C8AF1}
		{76E8D0D8-7159-4773-B490-9FE75617266B} = {7C5E8B29-45A2-4BB8-B567-81750D6C8AF1}
		{8C1EE735-7BB5-4A81-990D-644CDE9F511B} = {A748AEF5-8CC6-4F10-9DF9-B94D0372FC24}
		{A3DDF8C9-792C-40B7-8634-496114B3C732} = {A748AEF5-8CC6-4F10-9DF9-B94D0372FC24}
		{2EE1D1C1-5B10-45A1-81A6-5E77BCCA4292} = {94B4CED6-CBC2-4116-A1E2-3AFEE33A5A0B}
		{535A64A6-EFC4-4D10-B597-DA1DB869BBC0} = {94B4CED6-CBC2-4116-A1E2-3AFEE33A5A0B}
		{08F038BB-3B35-4951-B171-1C49FA09B810} = {9938D229-367E-43D8-ACAA-A19F9BADBFD4}
		{10550192-F53F-4025-B833-B32B5B6ECD7F} = {9938D229-367E-43D8-ACAA-A19F9BADBFD4}
		{9E0994D1-FCE4-4955-90CB-72E382563A24} = {1755277C-09D7-4103-BBF8-DD68C0E54934}
		{F7AE74F2-1A76-418B-9174-93814999C153} = {1755277C-09D7-4103-BBF8-DD68C0E54934}
		{83D76995-F3D8-401E-BFB0-7954BFAD77BA} = {76E8D0D8-7159-4773-B490-9FE75617266B}
		{E9D5DD0A-69BC-40B6-9BD8-376FDCFDD2C6} = {76E8D0D8-7159-4773-B490-9FE75617266B}
		{F55C8414-FADF-449B-8D4A-08CC87C19F94} = {8C1EE735-7BB5-4A81-990D-644CDE9F511B}
		{D54C824F-032C-4D30-A905-E3AC6C004D38} = {A3DDF8C9-792C-40B7-8634-496114B3C732}
		{AC275F83-D6DD-4B87-8EB6-A19D15D0FA66} = {A3DDF8C9-792C-40B7-8634-496114B3C732}
		{2E52645E-67F9-4B1A-9D70-A2B3590B6BC8} = {D54C824F-032C-4D30-A905-E3AC6C004D38}
		{55321049-A5FA-40D0-BF6C-5EFBE3BB57A4} = {D54C824F-032C-4D30-A905-E3AC6C004D38}
		{3F61A567-CB2C-49A6-BE33-9F1A603F0B42} = {D54C824F-032C-4D30-A905-E3AC6C004D38}
		{7406F674-EBDB-4C0B-B2D1-B8CC2FC58DBF} = {D54C824F-032C-4D30-A905-E3AC6C004D38}
		{ECFD6C2E-54AB-4025-9304-2E159B88E1A7} = {D54C824F-032C-4D30-A905-E3AC6C004D38}
		{BF88780D-EFBC-4767-9B12-AFDF8CB44C88} = {AC275F83-D6DD-4B87-8EB6-A19D15D0FA66}
	EndGlobalSection
	GlobalSection(ExtensibilityGlobals) = postSolution
		SolutionGuid = {AA1BAA9C-0CFE-47D2-AAB6-F30551F816FE}
	EndGlobalSection
EndGlobal
